
Microsoft Visual Studio Solution File, Format Version 12.00
# Visual Studio Version 17
VisualStudioVersion = 17.5.33530.505
MinimumVisualStudioVersion = 10.0.40219.1
Project("{FAE04EC0-301F-11D3-BF4B-00C04F79EFBC}") = "AppEscola", "AppEscola.csproj", "{754FC271-B78A-43EA-94A7-EF8125374558}"
EndProject
Global
	GlobalSection(SolutionConfigurationPlatforms) = preSolution
		Debug|Any CPU = Debug|Any CPU
		Release|Any CPU = Release|Any CPU
	EndGlobalSection
	GlobalSection(ProjectConfigurationPlatforms) = postSolution
		{754FC271-B78A-43EA-94A7-EF8125374558}.Debug|Any CPU.ActiveCfg = Release|Any CPU
		{754FC271-B78A-43EA-94A7-EF8125374558}.Debug|Any CPU.Build.0 = Release|Any CPU
		{754FC271-B78A-43EA-94A7-EF8125374558}.Release|Any CPU.ActiveCfg = Release|Any CPU
		{754FC271-B78A-43EA-94A7-EF8125374558}.Release|Any CPU.Build.0 = Release|Any CPU
	EndGlobalSection
	GlobalSection(SolutionProperties) = preSolution
		HideSolutionNode = FALSE
	EndGlobalSection
	GlobalSection(ExtensibilityGlobals) = postSolution
		SolutionGuid = {A2319339-4A7E-444C-9372-BFE04D3E0F78}
	EndGlobalSection
EndGlobal
